
Microsoft Visual Studio Solution File, Format Version 12.00
# Visual Studio 15
VisualStudioVersion = 15.0.28307.421
MinimumVisualStudioVersion = 10.0.40219.1
Project("{FAE04EC0-301F-11D3-BF4B-00C04F79EFBC}") = "PrimeiroContatoComGitHub", "PrimeiroContatoComGitHub\PrimeiroContatoComGitHub.csproj", "{A9DC7D92-7A87-4B9E-B5AF-C8095E948941}"
EndProject
Global
	GlobalSection(SolutionConfigurationPlatforms) = preSolution
		Debug|Any CPU = Debug|Any CPU
		Release|Any CPU = Release|Any CPU
	EndGlobalSection
	GlobalSection(ProjectConfigurationPlatforms) = postSolution
		{A9DC7D92-7A87-4B9E-B5AF-C8095E948941}.Debug|Any CPU.ActiveCfg = Debug|Any CPU
		{A9DC7D92-7A87-4B9E-B5AF-C8095E948941}.Debug|Any CPU.Build.0 = Debug|Any CPU
		{A9DC7D92-7A87-4B9E-B5AF-C8095E948941}.Release|Any CPU.ActiveCfg = Release|Any CPU
		{A9DC7D92-7A87-4B9E-B5AF-C8095E948941}.Release|Any CPU.Build.0 = Release|Any CPU
	EndGlobalSection
	GlobalSection(SolutionProperties) = preSolution
		HideSolutionNode = FALSE
	EndGlobalSection
	GlobalSection(ExtensibilityGlobals) = postSolution
		SolutionGuid = {B6FB5FA8-F8A7-43D5-8DA8-5112783D544E}
	EndGlobalSection
EndGlobal
