
Microsoft Visual Studio Solution File, Format Version 12.00
# Visual Studio 15
VisualStudioVersion = 15.0.28307.421
MinimumVisualStudioVersion = 10.0.40219.1
Project("{FAE04EC0-301F-11D3-BF4B-00C04F79EFBC}") = "AcessandoDadosDoBancoAsync", "AcessandoDadosDoBancoAsync\AcessandoDadosDoBancoAsync.csproj", "{40B259F7-8D02-4B2F-8ACF-9CCB986EC262}"
EndProject
Global
	GlobalSection(SolutionConfigurationPlatforms) = preSolution
		Debug|Any CPU = Debug|Any CPU
		Release|Any CPU = Release|Any CPU
	EndGlobalSection
	GlobalSection(ProjectConfigurationPlatforms) = postSolution
		{40B259F7-8D02-4B2F-8ACF-9CCB986EC262}.Debug|Any CPU.ActiveCfg = Debug|Any CPU
		{40B259F7-8D02-4B2F-8ACF-9CCB986EC262}.Debug|Any CPU.Build.0 = Debug|Any CPU
		{40B259F7-8D02-4B2F-8ACF-9CCB986EC262}.Release|Any CPU.ActiveCfg = Release|Any CPU
		{40B259F7-8D02-4B2F-8ACF-9CCB986EC262}.Release|Any CPU.Build.0 = Release|Any CPU
	EndGlobalSection
	GlobalSection(SolutionProperties) = preSolution
		HideSolutionNode = FALSE
	EndGlobalSection
	GlobalSection(ExtensibilityGlobals) = postSolution
		SolutionGuid = {58F2F1FB-070D-4B14-AA5F-19DD18EF3939}
	EndGlobalSection
EndGlobal
