
Microsoft Visual Studio Solution File, Format Version 12.00
# Visual Studio 15
VisualStudioVersion = 15.0.28307.421
MinimumVisualStudioVersion = 10.0.40219.1
Project("{FAE04EC0-301F-11D3-BF4B-00C04F79EFBC}") = "ConsoleApp3", "ConsoleApp3\ConsoleApp3.csproj", "{A35BB058-1715-4DFC-812E-82F92BD9F884}"
EndProject
Global
	GlobalSection(SolutionConfigurationPlatforms) = preSolution
		Debug|Any CPU = Debug|Any CPU
		Release|Any CPU = Release|Any CPU
	EndGlobalSection
	GlobalSection(ProjectConfigurationPlatforms) = postSolution
		{A35BB058-1715-4DFC-812E-82F92BD9F884}.Debug|Any CPU.ActiveCfg = Debug|Any CPU
		{A35BB058-1715-4DFC-812E-82F92BD9F884}.Debug|Any CPU.Build.0 = Debug|Any CPU
		{A35BB058-1715-4DFC-812E-82F92BD9F884}.Release|Any CPU.ActiveCfg = Release|Any CPU
		{A35BB058-1715-4DFC-812E-82F92BD9F884}.Release|Any CPU.Build.0 = Release|Any CPU
	EndGlobalSection
	GlobalSection(SolutionProperties) = preSolution
		HideSolutionNode = FALSE
	EndGlobalSection
	GlobalSection(ExtensibilityGlobals) = postSolution
		SolutionGuid = {675912D6-59E5-4F38-8AC1-37F1AB94DDDA}
	EndGlobalSection
EndGlobal
